
Microsoft Visual Studio Solution File, Format Version 12.00
# Visual Studio Version 17
VisualStudioVersion = 17.6.33815.320
MinimumVisualStudioVersion = 10.0.40219.1
Project("{9A19103F-16F7-4668-BE54-9A1E7A4F7556}") = "BulkyBookWeb", "BulkyBookWeb\BulkyBookWeb.csproj", "{908ED820-2916-4416-94B6-48F278A2F11C}"
EndProject
Global
	GlobalSection(SolutionConfigurationPlatforms) = preSolution
		Debug|Any CPU = Debug|Any CPU
		Release|Any CPU = Release|Any CPU
	EndGlobalSection
	GlobalSection(ProjectConfigurationPlatforms) = postSolution
		{908ED820-2916-4416-94B6-48F278A2F11C}.Debug|Any CPU.ActiveCfg = Debug|Any CPU
		{908ED820-2916-4416-94B6-48F278A2F11C}.Debug|Any CPU.Build.0 = Debug|Any CPU
		{908ED820-2916-4416-94B6-48F278A2F11C}.Release|Any CPU.ActiveCfg = Release|Any CPU
		{908ED820-2916-4416-94B6-48F278A2F11C}.Release|Any CPU.Build.0 = Release|Any CPU
	EndGlobalSection
	GlobalSection(SolutionProperties) = preSolution
		HideSolutionNode = FALSE
	EndGlobalSection
	GlobalSection(ExtensibilityGlobals) = postSolution
		SolutionGuid = {E69CF909-027E-4062-BDB3-868BFBF6B267}
	EndGlobalSection
EndGlobal
